
Microsoft Visual Studio Solution File, Format Version 12.00
# Visual Studio 15
VisualStudioVersion = 15.0.28010.2046
MinimumVisualStudioVersion = 10.0.40219.1
Project("{FAE04EC0-301F-11D3-BF4B-00C04F79EFBC}") = "ModernizationFunction", "ModernizationFunction\ModernizationFunction.csproj", "{9BC867F7-A151-4A94-8020-D3A0B3E1DF20}"
EndProject
Global
	GlobalSection(SolutionConfigurationPlatforms) = preSolution
		Debug|Any CPU = Debug|Any CPU
		Release|Any CPU = Release|Any CPU
	EndGlobalSection
	GlobalSection(ProjectConfigurationPlatforms) = postSolution
		{9BC867F7-A151-4A94-8020-D3A0B3E1DF20}.Debug|Any CPU.ActiveCfg = Debug|Any CPU
		{9BC867F7-A151-4A94-8020-D3A0B3E1DF20}.Debug|Any CPU.Build.0 = Debug|Any CPU
		{9BC867F7-A151-4A94-8020-D3A0B3E1DF20}.Release|Any CPU.ActiveCfg = Release|Any CPU
		{9BC867F7-A151-4A94-8020-D3A0B3E1DF20}.Release|Any CPU.Build.0 = Release|Any CPU
	EndGlobalSection
	GlobalSection(SolutionProperties) = preSolution
		HideSolutionNode = FALSE
	EndGlobalSection
	GlobalSection(ExtensibilityGlobals) = postSolution
		SolutionGuid = {713A3190-A367-4233-AA7E-4DC9273B1EE1}
	EndGlobalSection
EndGlobal
